<?xml version="1.0" encoding="utf-8"?>
<Project ToolsVersion="4.0" xmlns="http://schemas.microsoft.com/developer/msbuild/2003">
  <ItemGroup>
    <Filter Include="Source Files">
      <UniqueIdentifier>{4FC737F1-C7A5-4376-A066-2A32D752A2FF}</UniqueIdentifier>
      <Extensions>cpp;c;cc;cxx;c++;cppm;ixx;def;odl;idl;hpj;bat;asm;asmx</Extensions>
    </Filter>
    <Filter Include="Header Files">
      <UniqueIdentifier>{93995380-89BD-4b04-88EB-625FBE52EBFB}</UniqueIdentifier>
      <Extensions>h;hh;hpp;hxx;h++;hm;inl;inc;ipp;xsd</Extensions>
    </Filter>
    <Filter Include="Resource Files">
      <UniqueIdentifier>{67DA6AB6-F800-4c08-8B7A-83BB121AAD01}</UniqueIdentifier>
      <Extensions>rc;ico;cur;bmp;dlg;rc2;rct;bin;rgs;gif;jpg;jpeg;jpe;resx;tiff;tif;png;wav;mfcribbon-ms</Extensions>
    </Filter>
    <Filter Include="Header Files\Imgui">
      <UniqueIdentifier>{311a76b1-2817-43c4-a11c-f8c571c44224}</UniqueIdentifier>
    </Filter>
    <Filter Include="Header Files\Imgui\backends">
      <UniqueIdentifier>{5f548054-b303-4ddd-8a60-c080c36a1b3d}</UniqueIdentifier>
    </Filter>
    <Filter Include="Source Files\zip">
      <UniqueIdentifier>{bfdf4ad0-c15e-4f7e-aef1-16292f416bbd}</UniqueIdentifier>
    </Filter>
    <Filter Include="Header Files\zip">
      <UniqueIdentifier>{e0a2baa6-b6e7-4c8f-a7f7-060503f9290f}</UniqueIdentifier>
    </Filter>
    <Filter Include="Source Files\Imgui">
      <UniqueIdentifier>{2db07aef-dd41-46d0-93c9-b14adb0fe843}</UniqueIdentifier>
    </Filter>
    <Filter Include="Source Files\Imgui\backends">
      <UniqueIdentifier>{82453aa6-82ec-47ec-84a6-1dc09e12020d}</UniqueIdentifier>
    </Filter>
    <Filter Include="Header Files\ThreadPool">
      <UniqueIdentifier>{35ed2440-dfd4-4bf0-be70-3d79d2369454}</UniqueIdentifier>
    </Filter>
  </ItemGroup>
  <ItemGroup>
    <ClCompile Include="src\AppLogic.cpp">
      <Filter>Source Files</Filter>
    </ClCompile>
    <ClCompile Include="src\Downloader.cpp">
      <Filter>Source Files</Filter>
    </ClCompile>
    <ClCompile Include="src\FileManager.cpp">
      <Filter>Source Files</Filter>
    </ClCompile>
    <ClCompile Include="src\main.cpp">
      <Filter>Source Files</Filter>
    </ClCompile>
    <ClCompile Include="src\UIManager.cpp">
      <Filter>Source Files</Filter>
    </ClCompile>
    <ClCompile Include="src\WindowManager.cpp">
      <Filter>Source Files</Filter>
    </ClCompile>
    <ClCompile Include="lib\zip\miniz.c">
      <Filter>Source Files\zip</Filter>
    </ClCompile>
    <ClCompile Include="lib\imgui\backends\imgui_impl_dx11.cpp">
      <Filter>Source Files\Imgui\backends</Filter>
    </ClCompile>
    <ClCompile Include="lib\imgui\backends\imgui_impl_win32.cpp">
      <Filter>Source Files\Imgui\backends</Filter>
    </ClCompile>
    <ClCompile Include="lib\imgui\imgui.cpp">
      <Filter>Source Files\Imgui</Filter>
    </ClCompile>
    <ClCompile Include="lib\imgui\imgui_demo.cpp">
      <Filter>Source Files\Imgui</Filter>
    </ClCompile>
    <ClCompile Include="lib\imgui\imgui_draw.cpp">
      <Filter>Source Files\Imgui</Filter>
    </ClCompile>
    <ClCompile Include="lib\imgui\imgui_tables.cpp">
      <Filter>Source Files\Imgui</Filter>
    </ClCompile>
    <ClCompile Include="lib\imgui\imgui_widgets.cpp">
      <Filter>Source Files\Imgui</Filter>
    </ClCompile>
  </ItemGroup>
  <ItemGroup>
    <ClInclude Include="include\AppLogic.h">
      <Filter>Header Files</Filter>
    </ClInclude>
    <ClInclude Include="include\Downloader.h">
      <Filter>Header Files</Filter>
    </ClInclude>
    <ClInclude Include="include\FileManager.h">
      <Filter>Header Files</Filter>
    </ClInclude>
    <ClInclude Include="include\UIManager.h">
      <Filter>Header Files</Filter>
    </ClInclude>
    <ClInclude Include="include\WindowManager.h">
      <Filter>Header Files</Filter>
    </ClInclude>
    <ClInclude Include="lib\zip\miniz.h">
      <Filter>Header Files\zip</Filter>
    </ClInclude>
    <ClInclude Include="lib\imgui\backends\imgui_impl_dx11.h">
      <Filter>Header Files\Imgui\backends</Filter>
    </ClInclude>
    <ClInclude Include="lib\imgui\backends\imgui_impl_win32.h">
      <Filter>Header Files\Imgui\backends</Filter>
    </ClInclude>
    <ClInclude Include="lib\imgui\imconfig.h">
      <Filter>Header Files\Imgui</Filter>
    </ClInclude>
    <ClInclude Include="lib\imgui\imgui.h">
      <Filter>Header Files\Imgui</Filter>
    </ClInclude>
    <ClInclude Include="lib\imgui\imgui_internal.h">
      <Filter>Header Files\Imgui</Filter>
    </ClInclude>
    <ClInclude Include="lib\imgui\imstb_rectpack.h">
      <Filter>Header Files\Imgui</Filter>
    </ClInclude>
    <ClInclude Include="lib\imgui\imstb_textedit.h">
      <Filter>Header Files\Imgui</Filter>
    </ClInclude>
    <ClInclude Include="lib\imgui\imstb_truetype.h">
      <Filter>Header Files\Imgui</Filter>
    </ClInclude>
    <ClInclude Include="include\resource.h">
      <Filter>Header Files</Filter>
    </ClInclude>
    <ClInclude Include="lib\threadpool\BS_thread_pool.hpp">
      <Filter>Header Files\ThreadPool</Filter>
    </ClInclude>
    <ClInclude Include="include\CpuInfo.h">
      <Filter>Header Files</Filter>
    </ClInclude>
  </ItemGroup>
  <ItemGroup>
    <ResourceCompile Include="SeraphineDownloader.rc">
      <Filter>Resource Files</Filter>
    </ResourceCompile>
  </ItemGroup>
  <ItemGroup>
    <Image Include="resource\favicon.ico">
      <Filter>Resource Files</Filter>
    </Image>
  </ItemGroup>
</Project>